
Microsoft Visual Studio Solution File, Format Version 12.00
# Visual Studio Version 17
VisualStudioVersion = 17.5.33414.496
MinimumVisualStudioVersion = 10.0.40219.1
Project("{FAE04EC0-301F-11D3-BF4B-00C04F79EFBC}") = "TP2MOD", "TP2MOD\TP2MOD.csproj", "{90E9255E-C3BA-4113-9C2F-67A90E60F428}"
EndProject
Global
	GlobalSection(SolutionConfigurationPlatforms) = preSolution
		Debug|Any CPU = Debug|Any CPU
		Release|Any CPU = Release|Any CPU
	EndGlobalSection
	GlobalSection(ProjectConfigurationPlatforms) = postSolution
		{90E9255E-C3BA-4113-9C2F-67A90E60F428}.Debug|Any CPU.ActiveCfg = Debug|Any CPU
		{90E9255E-C3BA-4113-9C2F-67A90E60F428}.Debug|Any CPU.Build.0 = Debug|Any CPU
		{90E9255E-C3BA-4113-9C2F-67A90E60F428}.Release|Any CPU.ActiveCfg = Release|Any CPU
		{90E9255E-C3BA-4113-9C2F-67A90E60F428}.Release|Any CPU.Build.0 = Release|Any CPU
	EndGlobalSection
	GlobalSection(SolutionProperties) = preSolution
		HideSolutionNode = FALSE
	EndGlobalSection
	GlobalSection(ExtensibilityGlobals) = postSolution
		SolutionGuid = {4805BA86-CE38-4F20-98E2-74A3DFF745DC}
	EndGlobalSection
EndGlobal
